
Microsoft Visual Studio Solution File, Format Version 12.00
# Visual Studio Version 16
VisualStudioVersion = 16.0.29613.14
MinimumVisualStudioVersion = 10.0.40219.1
Project("{9A19103F-16F7-4668-BE54-9A1E7A4F7556}") = "ChromaKeyProject", "ChromaKeyProject\ChromaKeyProject.csproj", "{D72672DC-12EB-444C-B7C6-CF4436C29AC9}"
EndProject
Project("{FAE04EC0-301F-11D3-BF4B-00C04F79EFBC}") = "MyChromaKey", "MyChromaKey\MyChromaKey.csproj", "{3AA795E2-05BD-49B6-87B2-FC1E83B8DA5E}"
EndProject
Global
	GlobalSection(SolutionConfigurationPlatforms) = preSolution
		Debug|Any CPU = Debug|Any CPU
		Release|Any CPU = Release|Any CPU
	EndGlobalSection
	GlobalSection(ProjectConfigurationPlatforms) = postSolution
		{D72672DC-12EB-444C-B7C6-CF4436C29AC9}.Debug|Any CPU.ActiveCfg = Debug|Any CPU
		{D72672DC-12EB-444C-B7C6-CF4436C29AC9}.Debug|Any CPU.Build.0 = Debug|Any CPU
		{D72672DC-12EB-444C-B7C6-CF4436C29AC9}.Release|Any CPU.ActiveCfg = Release|Any CPU
		{D72672DC-12EB-444C-B7C6-CF4436C29AC9}.Release|Any CPU.Build.0 = Release|Any CPU
		{3AA795E2-05BD-49B6-87B2-FC1E83B8DA5E}.Debug|Any CPU.ActiveCfg = Debug|Any CPU
		{3AA795E2-05BD-49B6-87B2-FC1E83B8DA5E}.Debug|Any CPU.Build.0 = Debug|Any CPU
		{3AA795E2-05BD-49B6-87B2-FC1E83B8DA5E}.Release|Any CPU.ActiveCfg = Release|Any CPU
		{3AA795E2-05BD-49B6-87B2-FC1E83B8DA5E}.Release|Any CPU.Build.0 = Release|Any CPU
	EndGlobalSection
	GlobalSection(SolutionProperties) = preSolution
		HideSolutionNode = FALSE
	EndGlobalSection
	GlobalSection(ExtensibilityGlobals) = postSolution
		SolutionGuid = {1E511A04-25CD-46BE-B0DF-A20EAE663F87}
	EndGlobalSection
EndGlobal
